{
  "name": "rsslookup-api",
  "version": "1.0.0",
  "lockfileVersion": 2,
  "requires": true,
  "packages": {
    "": {
      "name": "rsslookup-api",
      "version": "1.0.0",
      "dependencies": {
        "htmlparser2": "^8.0.1",
        "toucan-js": "^2.6.1"
      },
      "devDependencies": {
        "prettier": "^1.18.2"
      }
    },
    "node_modules/@sentry/core": {
      "version": "6.19.6",
      "resolved": "https://registry.npmjs.org/@sentry/core/-/core-6.19.6.tgz",
      "integrity": "sha512-biEotGRr44/vBCOegkTfC9rwqaqRKIpFljKGyYU6/NtzMRooktqOhjmjmItNCMRknArdeaQwA8lk2jcZDXX3Og==",
      "dependencies": {
        "@sentry/hub": "6.19.6",
        "@sentry/minimal": "6.19.6",
        "@sentry/types": "6.19.6",
        "@sentry/utils": "6.19.6",
        "tslib": "^1.9.3"
      },
      "engines": {
        "node": ">=6"
      }
    },
    "node_modules/@sentry/hub": {
      "version": "6.19.6",
      "resolved": "https://registry.npmjs.org/@sentry/hub/-/hub-6.19.6.tgz",
      "integrity": "sha512-PuEOBZxvx3bjxcXmWWZfWXG+orojQiWzv9LQXjIgroVMKM/GG4QtZbnWl1hOckUj7WtKNl4hEGO2g/6PyCV/vA==",
      "dependencies": {
        "@sentry/types": "6.19.6",
        "@sentry/utils": "6.19.6",
        "tslib": "^1.9.3"
      },
      "engines": {
        "node": ">=6"
      }
    },
    "node_modules/@sentry/minimal": {
      "version": "6.19.6",
      "resolved": "https://registry.npmjs.org/@sentry/minimal/-/minimal-6.19.6.tgz",
      "integrity": "sha512-T1NKcv+HTlmd8EbzUgnGPl4ySQGHWMCyZ8a8kXVMZOPDzphN3fVIzkYzWmSftCWp0rpabXPt9aRF2mfBKU+mAQ==",
      "dependencies": {
        "@sentry/hub": "6.19.6",
        "@sentry/types": "6.19.6",
        "tslib": "^1.9.3"
      },
      "engines": {
        "node": ">=6"
      }
    },
    "node_modules/@sentry/types": {
      "version": "6.19.6",
      "resolved": "https://registry.npmjs.org/@sentry/types/-/types-6.19.6.tgz",
      "integrity": "sha512-QH34LMJidEUPZK78l+Frt3AaVFJhEmIi05Zf8WHd9/iTt+OqvCHBgq49DDr1FWFqyYWm/QgW/3bIoikFpfsXyQ==",
      "engines": {
        "node": ">=6"
      }
    },
    "node_modules/@sentry/utils": {
      "version": "6.19.6",
      "resolved": "https://registry.npmjs.org/@sentry/utils/-/utils-6.19.6.tgz",
      "integrity": "sha512-fAMWcsguL0632eWrROp/vhPgI7sBj/JROWVPzpabwVkm9z3m1rQm6iLFn4qfkZL8Ozy6NVZPXOQ7EXmeU24byg==",
      "dependencies": {
        "@sentry/types": "6.19.6",
        "tslib": "^1.9.3"
      },
      "engines": {
        "node": ">=6"
      }
    },
    "node_modules/@types/cookie": {
      "version": "0.5.0",
      "resolved": "https://registry.npmjs.org/@types/cookie/-/cookie-0.5.0.tgz",
      "integrity": "sha512-CJWHVHHupxBYfIlMM+qzXx4dRKIV1VzOm0cP3Wpqten8MDx1tK+y92YDXUshN1ONAfwodvKxDNkw35/pNs+izg=="
    },
    "node_modules/cookie": {
      "version": "0.5.0",
      "resolved": "https://registry.npmjs.org/cookie/-/cookie-0.5.0.tgz",
      "integrity": "sha512-YZ3GUyn/o8gfKJlnlX7g7xq4gyO6OSuhGPKaaGssGB2qgDUS0gPgtTvoyZLTt9Ab6dC4hfc9dV5arkvc/OCmrw==",
      "engines": {
        "node": ">= 0.6"
      }
    },
    "node_modules/dom-serializer": {
      "version": "2.0.0",
      "resolved": "https://registry.npmjs.org/dom-serializer/-/dom-serializer-2.0.0.tgz",
      "integrity": "sha512-wIkAryiqt/nV5EQKqQpo3SToSOV9J0DnbJqwK7Wv/Trc92zIAYZ4FlMu+JPFW1DfGFt81ZTCGgDEabffXeLyJg==",
      "dependencies": {
        "domelementtype": "^2.3.0",
        "domhandler": "^5.0.2",
        "entities": "^4.2.0"
      },
      "funding": {
        "url": "https://github.com/cheeriojs/dom-serializer?sponsor=1"
      }
    },
    "node_modules/domelementtype": {
      "version": "2.3.0",
      "resolved": "https://registry.npmjs.org/domelementtype/-/domelementtype-2.3.0.tgz",
      "integrity": "sha512-OLETBj6w0OsagBwdXnPdN0cnMfF9opN69co+7ZrbfPGrdpPVNBUj02spi6B1N7wChLQiPn4CSH/zJvXw56gmHw==",
      "funding": [
        {
          "type": "github",
          "url": "https://github.com/sponsors/fb55"
        }
      ]
    },
    "node_modules/domhandler": {
      "version": "5.0.3",
      "resolved": "https://registry.npmjs.org/domhandler/-/domhandler-5.0.3.tgz",
      "integrity": "sha512-cgwlv/1iFQiFnU96XXgROh8xTeetsnJiDsTc7TYCLFd9+/WNkIqPTxiM/8pSd8VIrhXGTf1Ny1q1hquVqDJB5w==",
      "dependencies": {
        "domelementtype": "^2.3.0"
      },
      "engines": {
        "node": ">= 4"
      },
      "funding": {
        "url": "https://github.com/fb55/domhandler?sponsor=1"
      }
    },
    "node_modules/domutils": {
      "version": "3.0.1",
      "resolved": "https://registry.npmjs.org/domutils/-/domutils-3.0.1.tgz",
      "integrity": "sha512-z08c1l761iKhDFtfXO04C7kTdPBLi41zwOZl00WS8b5eiaebNpY00HKbztwBq+e3vyqWNwWF3mP9YLUeqIrF+Q==",
      "dependencies": {
        "dom-serializer": "^2.0.0",
        "domelementtype": "^2.3.0",
        "domhandler": "^5.0.1"
      },
      "funding": {
        "url": "https://github.com/fb55/domutils?sponsor=1"
      }
    },
    "node_modules/entities": {
      "version": "4.3.0",
      "resolved": "https://registry.npmjs.org/entities/-/entities-4.3.0.tgz",
      "integrity": "sha512-/iP1rZrSEJ0DTlPiX+jbzlA3eVkY/e8L8SozroF395fIqE3TYF/Nz7YOMAawta+vLmyJ/hkGNNPcSbMADCCXbg==",
      "engines": {
        "node": ">=0.12"
      },
      "funding": {
        "url": "https://github.com/fb55/entities?sponsor=1"
      }
    },
    "node_modules/error-stack-parser": {
      "version": "2.1.4",
      "resolved": "https://registry.npmjs.org/error-stack-parser/-/error-stack-parser-2.1.4.tgz",
      "integrity": "sha512-Sk5V6wVazPhq5MhpO+AUxJn5x7XSXGl1R93Vn7i+zS15KDVxQijejNCrz8340/2bgLBjR9GtEG8ZVKONDjcqGQ==",
      "dependencies": {
        "stackframe": "^1.3.4"
      }
    },
    "node_modules/htmlparser2": {
      "version": "8.0.1",
      "resolved": "https://registry.npmjs.org/htmlparser2/-/htmlparser2-8.0.1.tgz",
      "integrity": "sha512-4lVbmc1diZC7GUJQtRQ5yBAeUCL1exyMwmForWkRLnwyzWBFxN633SALPMGYaWZvKe9j1pRZJpauvmxENSp/EA==",
      "funding": [
        "https://github.com/fb55/htmlparser2?sponsor=1",
        {
          "type": "github",
          "url": "https://github.com/sponsors/fb55"
        }
      ],
      "dependencies": {
        "domelementtype": "^2.3.0",
        "domhandler": "^5.0.2",
        "domutils": "^3.0.1",
        "entities": "^4.3.0"
      }
    },
    "node_modules/prettier": {
      "version": "1.19.1",
      "resolved": "https://registry.npmjs.org/prettier/-/prettier-1.19.1.tgz",
      "integrity": "sha512-s7PoyDv/II1ObgQunCbB9PdLmUcBZcnWOcxDh7O0N/UwDEsHyqkW+Qh28jW+mVuCdx7gLB0BotYI1Y6uI9iyew==",
      "dev": true,
      "bin": {
        "prettier": "bin-prettier.js"
      },
      "engines": {
        "node": ">=4"
      }
    },
    "node_modules/source-map": {
      "version": "0.5.6",
      "resolved": "https://registry.npmjs.org/source-map/-/source-map-0.5.6.tgz",
      "integrity": "sha512-MjZkVp0NHr5+TPihLcadqnlVoGIoWo4IBHptutGh9wI3ttUYvCG26HkSuDi+K6lsZ25syXJXcctwgyVCt//xqA==",
      "engines": {
        "node": ">=0.10.0"
      }
    },
    "node_modules/stack-generator": {
      "version": "2.0.10",
      "resolved": "https://registry.npmjs.org/stack-generator/-/stack-generator-2.0.10.tgz",
      "integrity": "sha512-mwnua/hkqM6pF4k8SnmZ2zfETsRUpWXREfA/goT8SLCV4iOFa4bzOX2nDipWAZFPTjLvQB82f5yaodMVhK0yJQ==",
      "dependencies": {
        "stackframe": "^1.3.4"
      }
    },
    "node_modules/stackframe": {
      "version": "1.3.4",
      "resolved": "https://registry.npmjs.org/stackframe/-/stackframe-1.3.4.tgz",
      "integrity": "sha512-oeVtt7eWQS+Na6F//S4kJ2K2VbRlS9D43mAlMyVpVWovy9o+jfgH8O9agzANzaiLjclA0oYzUXEM4PurhSUChw=="
    },
    "node_modules/stacktrace-gps": {
      "version": "3.1.2",
      "resolved": "https://registry.npmjs.org/stacktrace-gps/-/stacktrace-gps-3.1.2.tgz",
      "integrity": "sha512-GcUgbO4Jsqqg6RxfyTHFiPxdPqF+3LFmQhm7MgCuYQOYuWyqxo5pwRPz5d/u6/WYJdEnWfK4r+jGbyD8TSggXQ==",
      "dependencies": {
        "source-map": "0.5.6",
        "stackframe": "^1.3.4"
      }
    },
    "node_modules/stacktrace-js": {
      "version": "2.0.2",
      "resolved": "https://registry.npmjs.org/stacktrace-js/-/stacktrace-js-2.0.2.tgz",
      "integrity": "sha512-Je5vBeY4S1r/RnLydLl0TBTi3F2qdfWmYsGvtfZgEI+SCprPppaIhQf5nGcal4gI4cGpCV/duLcAzT1np6sQqg==",
      "dependencies": {
        "error-stack-parser": "^2.0.6",
        "stack-generator": "^2.0.5",
        "stacktrace-gps": "^3.0.4"
      }
    },
    "node_modules/toucan-js": {
      "version": "2.6.1",
      "resolved": "https://registry.npmjs.org/toucan-js/-/toucan-js-2.6.1.tgz",
      "integrity": "sha512-G0D6lkfsQBWJhHgSagFCTc0QTWoAVfjouVZXGNv1L/N9YN2r41R0daqzpFHcAwbS4VrOTDgyiXzamfRDdub4sA==",
      "dependencies": {
        "@sentry/core": "6.19.6",
        "@sentry/hub": "6.19.6",
        "@sentry/types": "6.19.6",
        "@sentry/utils": "6.19.6",
        "@types/cookie": "0.5.0",
        "cookie": "0.5.0",
        "stacktrace-js": "2.0.2"
      }
    },
    "node_modules/tslib": {
      "version": "1.14.1",
      "resolved": "https://registry.npmjs.org/tslib/-/tslib-1.14.1.tgz",
      "integrity": "sha512-Xni35NKzjgMrwevysHTCArtLDpPvye8zV/0E4EyYn43P7/7qvQwPh9BGkHewbMulVntbigmcT7rdX3BNo9wRJg=="
    }
  },
  "dependencies": {
    "@sentry/core": {
      "version": "6.19.6",
      "resolved": "https://registry.npmjs.org/@sentry/core/-/core-6.19.6.tgz",
      "integrity": "sha512-biEotGRr44/vBCOegkTfC9rwqaqRKIpFljKGyYU6/NtzMRooktqOhjmjmItNCMRknArdeaQwA8lk2jcZDXX3Og==",
      "requires": {
        "@sentry/hub": "6.19.6",
        "@sentry/minimal": "6.19.6",
        "@sentry/types": "6.19.6",
        "@sentry/utils": "6.19.6",
        "tslib": "^1.9.3"
      }
    },
    "@sentry/hub": {
      "version": "6.19.6",
      "resolved": "https://registry.npmjs.org/@sentry/hub/-/hub-6.19.6.tgz",
      "integrity": "sha512-PuEOBZxvx3bjxcXmWWZfWXG+orojQiWzv9LQXjIgroVMKM/GG4QtZbnWl1hOckUj7WtKNl4hEGO2g/6PyCV/vA==",
      "requires": {
        "@sentry/types": "6.19.6",
        "@sentry/utils": "6.19.6",
        "tslib": "^1.9.3"
      }
    },
    "@sentry/minimal": {
      "version": "6.19.6",
      "resolved": "https://registry.npmjs.org/@sentry/minimal/-/minimal-6.19.6.tgz",
      "integrity": "sha512-T1NKcv+HTlmd8EbzUgnGPl4ySQGHWMCyZ8a8kXVMZOPDzphN3fVIzkYzWmSftCWp0rpabXPt9aRF2mfBKU+mAQ==",
      "requires": {
        "@sentry/hub": "6.19.6",
        "@sentry/types": "6.19.6",
        "tslib": "^1.9.3"
      }
    },
    "@sentry/types": {
      "version": "6.19.6",
      "resolved": "https://registry.npmjs.org/@sentry/types/-/types-6.19.6.tgz",
      "integrity": "sha512-QH34LMJidEUPZK78l+Frt3AaVFJhEmIi05Zf8WHd9/iTt+OqvCHBgq49DDr1FWFqyYWm/QgW/3bIoikFpfsXyQ=="
    },
    "@sentry/utils": {
      "version": "6.19.6",
      "resolved": "https://registry.npmjs.org/@sentry/utils/-/utils-6.19.6.tgz",
      "integrity": "sha512-fAMWcsguL0632eWrROp/vhPgI7sBj/JROWVPzpabwVkm9z3m1rQm6iLFn4qfkZL8Ozy6NVZPXOQ7EXmeU24byg==",
      "requires": {
        "@sentry/types": "6.19.6",
        "tslib": "^1.9.3"
      }
    },
    "@types/cookie": {
      "version": "0.5.0",
      "resolved": "https://registry.npmjs.org/@types/cookie/-/cookie-0.5.0.tgz",
      "integrity": "sha512-CJWHVHHupxBYfIlMM+qzXx4dRKIV1VzOm0cP3Wpqten8MDx1tK+y92YDXUshN1ONAfwodvKxDNkw35/pNs+izg=="
    },
    "cookie": {
      "version": "0.5.0",
      "resolved": "https://registry.npmjs.org/cookie/-/cookie-0.5.0.tgz",
      "integrity": "sha512-YZ3GUyn/o8gfKJlnlX7g7xq4gyO6OSuhGPKaaGssGB2qgDUS0gPgtTvoyZLTt9Ab6dC4hfc9dV5arkvc/OCmrw=="
    },
    "dom-serializer": {
      "version": "2.0.0",
      "resolved": "https://registry.npmjs.org/dom-serializer/-/dom-serializer-2.0.0.tgz",
      "integrity": "sha512-wIkAryiqt/nV5EQKqQpo3SToSOV9J0DnbJqwK7Wv/Trc92zIAYZ4FlMu+JPFW1DfGFt81ZTCGgDEabffXeLyJg==",
      "requires": {
        "domelementtype": "^2.3.0",
        "domhandler": "^5.0.2",
        "entities": "^4.2.0"
      }
    },
    "domelementtype": {
      "version": "2.3.0",
      "resolved": "https://registry.npmjs.org/domelementtype/-/domelementtype-2.3.0.tgz",
      "integrity": "sha512-OLETBj6w0OsagBwdXnPdN0cnMfF9opN69co+7ZrbfPGrdpPVNBUj02spi6B1N7wChLQiPn4CSH/zJvXw56gmHw=="
    },
    "domhandler": {
      "version": "5.0.3",
      "resolved": "https://registry.npmjs.org/domhandler/-/domhandler-5.0.3.tgz",
      "integrity": "sha512-cgwlv/1iFQiFnU96XXgROh8xTeetsnJiDsTc7TYCLFd9+/WNkIqPTxiM/8pSd8VIrhXGTf1Ny1q1hquVqDJB5w==",
      "requires": {
        "domelementtype": "^2.3.0"
      }
    },
    "domutils": {
      "version": "3.0.1",
      "resolved": "https://registry.npmjs.org/domutils/-/domutils-3.0.1.tgz",
      "integrity": "sha512-z08c1l761iKhDFtfXO04C7kTdPBLi41zwOZl00WS8b5eiaebNpY00HKbztwBq+e3vyqWNwWF3mP9YLUeqIrF+Q==",
      "requires": {
        "dom-serializer": "^2.0.0",
        "domelementtype": "^2.3.0",
        "domhandler": "^5.0.1"
      }
    },
    "entities": {
      "version": "4.3.0",
      "resolved": "https://registry.npmjs.org/entities/-/entities-4.3.0.tgz",
      "integrity": "sha512-/iP1rZrSEJ0DTlPiX+jbzlA3eVkY/e8L8SozroF395fIqE3TYF/Nz7YOMAawta+vLmyJ/hkGNNPcSbMADCCXbg=="
    },
    "error-stack-parser": {
      "version": "2.1.4",
      "resolved": "https://registry.npmjs.org/error-stack-parser/-/error-stack-parser-2.1.4.tgz",
      "integrity": "sha512-Sk5V6wVazPhq5MhpO+AUxJn5x7XSXGl1R93Vn7i+zS15KDVxQijejNCrz8340/2bgLBjR9GtEG8ZVKONDjcqGQ==",
      "requires": {
        "stackframe": "^1.3.4"
      }
    },
    "htmlparser2": {
      "version": "8.0.1",
      "resolved": "https://registry.npmjs.org/htmlparser2/-/htmlparser2-8.0.1.tgz",
      "integrity": "sha512-4lVbmc1diZC7GUJQtRQ5yBAeUCL1exyMwmForWkRLnwyzWBFxN633SALPMGYaWZvKe9j1pRZJpauvmxENSp/EA==",
      "requires": {
        "domelementtype": "^2.3.0",
        "domhandler": "^5.0.2",
        "domutils": "^3.0.1",
        "entities": "^4.3.0"
      }
    },
    "prettier": {
      "version": "1.19.1",
      "resolved": "https://registry.npmjs.org/prettier/-/prettier-1.19.1.tgz",
      "integrity": "sha512-s7PoyDv/II1ObgQunCbB9PdLmUcBZcnWOcxDh7O0N/UwDEsHyqkW+Qh28jW+mVuCdx7gLB0BotYI1Y6uI9iyew==",
      "dev": true
    },
    "source-map": {
      "version": "0.5.6",
      "resolved": "https://registry.npmjs.org/source-map/-/source-map-0.5.6.tgz",
      "integrity": "sha512-MjZkVp0NHr5+TPihLcadqnlVoGIoWo4IBHptutGh9wI3ttUYvCG26HkSuDi+K6lsZ25syXJXcctwgyVCt//xqA=="
    },
    "stack-generator": {
      "version": "2.0.10",
      "resolved": "https://registry.npmjs.org/stack-generator/-/stack-generator-2.0.10.tgz",
      "integrity": "sha512-mwnua/hkqM6pF4k8SnmZ2zfETsRUpWXREfA/goT8SLCV4iOFa4bzOX2nDipWAZFPTjLvQB82f5yaodMVhK0yJQ==",
      "requires": {
        "stackframe": "^1.3.4"
      }
    },
    "stackframe": {
      "version": "1.3.4",
      "resolved": "https://registry.npmjs.org/stackframe/-/stackframe-1.3.4.tgz",
      "integrity": "sha512-oeVtt7eWQS+Na6F//S4kJ2K2VbRlS9D43mAlMyVpVWovy9o+jfgH8O9agzANzaiLjclA0oYzUXEM4PurhSUChw=="
    },
    "stacktrace-gps": {
      "version": "3.1.2",
      "resolved": "https://registry.npmjs.org/stacktrace-gps/-/stacktrace-gps-3.1.2.tgz",
      "integrity": "sha512-GcUgbO4Jsqqg6RxfyTHFiPxdPqF+3LFmQhm7MgCuYQOYuWyqxo5pwRPz5d/u6/WYJdEnWfK4r+jGbyD8TSggXQ==",
      "requires": {
        "source-map": "0.5.6",
        "stackframe": "^1.3.4"
      }
    },
    "stacktrace-js": {
      "version": "2.0.2",
      "resolved": "https://registry.npmjs.org/stacktrace-js/-/stacktrace-js-2.0.2.tgz",
      "integrity": "sha512-Je5vBeY4S1r/RnLydLl0TBTi3F2qdfWmYsGvtfZgEI+SCprPppaIhQf5nGcal4gI4cGpCV/duLcAzT1np6sQqg==",
      "requires": {
        "error-stack-parser": "^2.0.6",
        "stack-generator": "^2.0.5",
        "stacktrace-gps": "^3.0.4"
      }
    },
    "toucan-js": {
      "version": "2.6.1",
      "resolved": "https://registry.npmjs.org/toucan-js/-/toucan-js-2.6.1.tgz",
      "integrity": "sha512-G0D6lkfsQBWJhHgSagFCTc0QTWoAVfjouVZXGNv1L/N9YN2r41R0daqzpFHcAwbS4VrOTDgyiXzamfRDdub4sA==",
      "requires": {
        "@sentry/core": "6.19.6",
        "@sentry/hub": "6.19.6",
        "@sentry/types": "6.19.6",
        "@sentry/utils": "6.19.6",
        "@types/cookie": "0.5.0",
        "cookie": "0.5.0",
        "stacktrace-js": "2.0.2"
      }
    },
    "tslib": {
      "version": "1.14.1",
      "resolved": "https://registry.npmjs.org/tslib/-/tslib-1.14.1.tgz",
      "integrity": "sha512-Xni35NKzjgMrwevysHTCArtLDpPvye8zV/0E4EyYn43P7/7qvQwPh9BGkHewbMulVntbigmcT7rdX3BNo9wRJg=="
    }
  }
}
